// !$*UTF8*$!
{
	archiveVersion = 1;
	classes = {
	};
	objectVersion = 50;
	objects = {

/* Begin PBXBuildFile section */
		BB6B561D2679249A00245F93 /* Combine_Form_Validation_StarterApp.swift in Sources */ = {isa = PBXBuildFile; fileRef = BB6B561C2679249A00245F93 /* Combine_Form_Validation_StarterApp.swift */; };
		BB6B561F2679249A00245F93 /* ContentView.swift in Sources */ = {isa = PBXBuildFile; fileRef = BB6B561E2679249A00245F93 /* ContentView.swift */; };
		BB6B56212679249B00245F93 /* Assets.xcassets in Resources */ = {isa = PBXBuildFile; fileRef = BB6B56202679249B00245F93 /* Assets.xcassets */; };
		BB6B56242679249B00245F93 /* Preview Assets.xcassets in Resources */ = {isa = PBXBuildFile; fileRef = BB6B56232679249B00245F93 /* Preview Assets.xcassets */; };
		BBDD3EC8267FA38C009D761B /* LoginViewModel.swift in Sources */ = {isa = PBXBuildFile; fileRef = BBDD3EC7267FA38C009D761B /* LoginViewModel.swift */; };
		BBDD3ECC267FA5FE009D761B /* EntryField.swift in Sources */ = {isa = PBXBuildFile; fileRef = BBDD3ECB267FA5FE009D761B /* EntryField.swift */; };
		BBDD3ECE267FAA0B009D761B /* YearPickerView.swift in Sources */ = {isa = PBXBuildFile; fileRef = BBDD3ECD267FAA0B009D761B /* YearPickerView.swift */; };
		BBDD3ED0267FAA67009D761B /* Constants.swift in Sources */ = {isa = PBXBuildFile; fileRef = BBDD3ECF267FAA67009D761B /* Constants.swift */; };
/* End PBXBuildFile section */

/* Begin PBXFileReference section */
		BB6B56192679249A00245F93 /* Combine Form Validation Starter.app */ = {isa = PBXFileReference; explicitFileType = wrapper.application; includeInIndex = 0; path = "Combine Form Validation Starter.app"; sourceTree = BUILT_PRODUCTS_DIR; };
		BB6B561C2679249A00245F93 /* Combine_Form_Validation_StarterApp.swift */ = {isa = PBXFileReference; lastKnownFileType = sourcecode.swift; path = Combine_Form_Validation_StarterApp.swift; sourceTree = "<group>"; };
		BB6B561E2679249A00245F93 /* ContentView.swift */ = {isa = PBXFileReference; lastKnownFileType = sourcecode.swift; path = ContentView.swift; sourceTree = "<group>"; };
		BB6B56202679249B00245F93 /* Assets.xcassets */ = {isa = PBXFileReference; lastKnownFileType = folder.assetcatalog; path = Assets.xcassets; sourceTree = "<group>"; };
		BB6B56232679249B00245F93 /* Preview Assets.xcassets */ = {isa = PBXFileReference; lastKnownFileType = folder.assetcatalog; path = "Preview Assets.xcassets"; sourceTree = "<group>"; };
		BB6B56252679249B00245F93 /* Info.plist */ = {isa = PBXFileReference; lastKnownFileType = text.plist.xml; path = Info.plist; sourceTree = "<group>"; };
		BBDD3EC7267FA38C009D761B /* LoginViewModel.swift */ = {isa = PBXFileReference; lastKnownFileType = sourcecode.swift; path = LoginViewModel.swift; sourceTree = "<group>"; };
		BBDD3ECB267FA5FE009D761B /* EntryField.swift */ = {isa = PBXFileReference; lastKnownFileType = sourcecode.swift; path = EntryField.swift; sourceTree = "<group>"; };
		BBDD3ECD267FAA0B009D761B /* YearPickerView.swift */ = {isa = PBXFileReference; lastKnownFileType = sourcecode.swift; path = YearPickerView.swift; sourceTree = "<group>"; };
		BBDD3ECF267FAA67009D761B /* Constants.swift */ = {isa = PBXFileReference; lastKnownFileType = sourcecode.swift; path = Constants.swift; sourceTree = "<group>"; };
/* End PBXFileReference section */

/* Begin PBXFrameworksBuildPhase section */
		BB6B56162679249A00245F93 /* Frameworks */ = {
			isa = PBXFrameworksBuildPhase;
			buildActionMask = 2147483647;
			files = (
			);
			runOnlyForDeploymentPostprocessing = 0;
		};
/* End PBXFrameworksBuildPhase section */

/* Begin PBXGroup section */
		BB6B56102679249A00245F93 = {
			isa = PBXGroup;
			children = (
				BB6B561B2679249A00245F93 /* Combine Form Validation Starter */,
				BB6B561A2679249A00245F93 /* Products */,
			);
			sourceTree = "<group>";
		};
		BB6B561A2679249A00245F93 /* Products */ = {
			isa = PBXGroup;
			children = (
				BB6B56192679249A00245F93 /* Combine Form Validation Starter.app */,
			);
			name = Products;
			sourceTree = "<group>";
		};
		BB6B561B2679249A00245F93 /* Combine Form Validation Starter */ = {
			isa = PBXGroup;
			children = (
				BB6B561C2679249A00245F93 /* Combine_Form_Validation_StarterApp.swift */,
				BB6B561E2679249A00245F93 /* ContentView.swift */,
				BBDD3ECD267FAA0B009D761B /* YearPickerView.swift */,
				BBDD3ECF267FAA67009D761B /* Constants.swift */,
				BBDD3ECB267FA5FE009D761B /* EntryField.swift */,
				BBDD3EC7267FA38C009D761B /* LoginViewModel.swift */,
				BB6B56202679249B00245F93 /* Assets.xcassets */,
				BB6B56252679249B00245F93 /* Info.plist */,
				BB6B56222679249B00245F93 /* Preview Content */,
			);
			path = "Combine Form Validation Starter";
			sourceTree = "<group>";
		};
		BB6B56222679249B00245F93 /* Preview Content */ = {
			isa = PBXGroup;
			children = (
				BB6B56232679249B00245F93 /* Preview Assets.xcassets */,
			);
			path = "Preview Content";
			sourceTree = "<group>";
		};
/* End PBXGroup section */

/* Begin PBXNativeTarget section */
		BB6B56182679249A00245F93 /* Combine Form Validation Starter */ = {
			isa = PBXNativeTarget;
			buildConfigurationList = BB6B56282679249B00245F93 /* Build configuration list for PBXNativeTarget "Combine Form Validation Starter" */;
			buildPhases = (
				BB6B56152679249A00245F93 /* Sources */,
				BB6B56162679249A00245F93 /* Frameworks */,
				BB6B56172679249A00245F93 /* Resources */,
			);
			buildRules = (
			);
			dependencies = (
			);
			name = "Combine Form Validation Starter";
			productName = "Combine Form Validation Starter";
			productReference = BB6B56192679249A00245F93 /* Combine Form Validation Starter.app */;
			productType = "com.apple.product-type.application";
		};
/* End PBXNativeTarget section */

/* Begin PBXProject section */
		BB6B56112679249A00245F93 /* Project object */ = {
			isa = PBXProject;
			attributes = {
				LastSwiftUpdateCheck = 1250;
				LastUpgradeCheck = 1250;
				TargetAttributes = {
					BB6B56182679249A00245F93 = {
						CreatedOnToolsVersion = 12.5;
					};
				};
			};
			buildConfigurationList = BB6B56142679249A00245F93 /* Build configuration list for PBXProject "Combine Form Validation Starter" */;
			compatibilityVersion = "Xcode 9.3";
			developmentRegion = en;
			hasScannedForEncodings = 0;
			knownRegions = (
				en,
				Base,
			);
			mainGroup = BB6B56102679249A00245F93;
			productRefGroup = BB6B561A2679249A00245F93 /* Products */;
			projectDirPath = "";
			projectRoot = "";
			targets = (
				BB6B56182679249A00245F93 /* Combine Form Validation Starter */,
			);
		};
/* End PBXProject section */

/* Begin PBXResourcesBuildPhase section */
		BB6B56172679249A00245F93 /* Resources */ = {
			isa = PBXResourcesBuildPhase;
			buildActionMask = 2147483647;
			files = (
				BB6B56242679249B00245F93 /* Preview Assets.xcassets in Resources */,
				BB6B56212679249B00245F93 /* Assets.xcassets in Resources */,
			);
			runOnlyForDeploymentPostprocessing = 0;
		};
/* End PBXResourcesBuildPhase section */

/* Begin PBXSourcesBuildPhase section */
		BB6B56152679249A00245F93 /* Sources */ = {
			isa = PBXSourcesBuildPhase;
			buildActionMask = 2147483647;
			files = (
				BBDD3ECE267FAA0B009D761B /* YearPickerView.swift in Sources */,
				BB6B561F2679249A00245F93 /* ContentView.swift in Sources */,
				BBDD3ECC267FA5FE009D761B /* EntryField.swift in Sources */,
				BB6B561D2679249A00245F93 /* Combine_Form_Validation_StarterApp.swift in Sources */,
				BBDD3EC8267FA38C009D761B /* LoginViewModel.swift in Sources */,
				BBDD3ED0267FAA67009D761B /* Constants.swift in Sources */,
			);
			runOnlyForDeploymentPostprocessing = 0;
		};
/* End PBXSourcesBuildPhase section */

/* Begin XCBuildConfiguration section */
		BB6B56262679249B00245F93 /* Debug */ = {
			isa = XCBuildConfiguration;
			buildSettings = {
				ALWAYS_SEARCH_USER_PATHS = NO;
				CLANG_ANALYZER_NONNULL = YES;
				CLANG_ANALYZER_NUMBER_OBJECT_CONVERSION = YES_AGGRESSIVE;
				CLANG_CXX_LANGUAGE_STANDARD = "gnu++14";
				CLANG_CXX_LIBRARY = "libc++";
				CLANG_ENABLE_MODULES = YES;
				CLANG_ENABLE_OBJC_ARC = YES;
				CLANG_ENABLE_OBJC_WEAK = YES;
				CLANG_WARN_BLOCK_CAPTURE_AUTORELEASING = YES;
				CLANG_WARN_BOOL_CONVERSION = YES;
				CLANG_WARN_COMMA = YES;
				CLANG_WARN_CONSTANT_CONVERSION = YES;
				CLANG_WARN_DEPRECATED_OBJC_IMPLEMENTATIONS = YES;
				CLANG_WARN_DIRECT_OBJC_ISA_USAGE = YES_ERROR;
				CLANG_WARN_DOCUMENTATION_COMMENTS = YES;
				CLANG_WARN_EMPTY_BODY = YES;
				CLANG_WARN_ENUM_CONVERSION = YES;
				CLANG_WARN_INFINITE_RECURSION = YES;
				CLANG_WARN_INT_CONVERSION = YES;
				CLANG_WARN_NON_LITERAL_NULL_CONVERSION = YES;
				CLANG_WARN_OBJC_IMPLICIT_RETAIN_SELF = YES;
				CLANG_WARN_OBJC_LITERAL_CONVERSION = YES;
				CLANG_WARN_OBJC_ROOT_CLASS = YES_ERROR;
				CLANG_WARN_QUOTED_INCLUDE_IN_FRAMEWORK_HEADER = YES;
				CLANG_WARN_RANGE_LOOP_ANALYSIS = YES;
				CLANG_WARN_STRICT_PROTOTYPES = YES;
				CLANG_WARN_SUSPICIOUS_MOVE = YES;
				CLANG_WARN_UNGUARDED_AVAILABILITY = YES_AGGRESSIVE;
				CLANG_WARN_UNREACHABLE_CODE = YES;
				CLANG_WARN__DUPLICATE_METHOD_MATCH = YES;
				COPY_PHASE_STRIP = NO;
				DEBUG_INFORMATION_FORMAT = dwarf;
				ENABLE_STRICT_OBJC_MSGSEND = YES;
				ENABLE_TESTABILITY = YES;
				GCC_C_LANGUAGE_STANDARD = gnu11;
				GCC_DYNAMIC_NO_PIC = NO;
				GCC_NO_COMMON_BLOCKS = YES;
				GCC_OPTIMIZATION_LEVEL = 0;
				GCC_PREPROCESSOR_DEFINITIONS = (
					"DEBUG=1",
					"$(inherited)",
				);
				GCC_WARN_64_TO_32_BIT_CONVERSION = YES;
				GCC_WARN_ABOUT_RETURN_TYPE = YES_ERROR;
				GCC_WARN_UNDECLARED_SELECTOR = YES;
				GCC_WARN_UNINITIALIZED_AUTOS = YES_AGGRESSIVE;
				GCC_WARN_UNUSED_FUNCTION = YES;
				GCC_WARN_UNUSED_VARIABLE = YES;
				IPHONEOS_DEPLOYMENT_TARGET = 14.5;
				MTL_ENABLE_DEBUG_INFO = INCLUDE_SOURCE;
				MTL_FAST_MATH = YES;
				ONLY_ACTIVE_ARCH = YES;
				SDKROOT = iphoneos;
				SWIFT_ACTIVE_COMPILATION_CONDITIONS = DEBUG;
				SWIFT_OPTIMIZATION_LEVEL = "-Onone";
			};
			name = Debug;
		};
		BB6B56272679249B00245F93 /* Release */ = {
			isa = XCBuildConfiguration;
			buildSettings = {
				ALWAYS_SEARCH_USER_PATHS = NO;
				CLANG_ANALYZER_NONNULL = YES;
				CLANG_ANALYZER_NUMBER_OBJECT_CONVERSION = YES_AGGRESSIVE;
				CLANG_CXX_LANGUAGE_STANDARD = "gnu++14";
				CLANG_CXX_LIBRARY = "libc++";
				CLANG_ENABLE_MODULES = YES;
				CLANG_ENABLE_OBJC_ARC = YES;
				CLANG_ENABLE_OBJC_WEAK = YES;
				CLANG_WARN_BLOCK_CAPTURE_AUTORELEASING = YES;
				CLANG_WARN_BOOL_CONVERSION = YES;
				CLANG_WARN_COMMA = YES;
				CLANG_WARN_CONSTANT_CONVERSION = YES;
				CLANG_WARN_DEPRECATED_OBJC_IMPLEMENTATIONS = YES;
				CLANG_WARN_DIRECT_OBJC_ISA_USAGE = YES_ERROR;
				CLANG_WARN_DOCUMENTATION_COMMENTS = YES;
				CLANG_WARN_EMPTY_BODY = YES;
				CLANG_WARN_ENUM_CONVERSION = YES;
				CLANG_WARN_INFINITE_RECURSION = YES;
				CLANG_WARN_INT_CONVERSION = YES;
				CLANG_WARN_NON_LITERAL_NULL_CONVERSION = YES;
				CLANG_WARN_OBJC_IMPLICIT_RETAIN_SELF = YES;
				CLANG_WARN_OBJC_LITERAL_CONVERSION = YES;
				CLANG_WARN_OBJC_ROOT_CLASS = YES_ERROR;
				CLANG_WARN_QUOTED_INCLUDE_IN_FRAMEWORK_HEADER = YES;
				CLANG_WARN_RANGE_LOOP_ANALYSIS = YES;
				CLANG_WARN_STRICT_PROTOTYPES = YES;
				CLANG_WARN_SUSPICIOUS_MOVE = YES;
				CLANG_WARN_UNGUARDED_AVAILABILITY = YES_AGGRESSIVE;
				CLANG_WARN_UNREACHABLE_CODE = YES;
				CLANG_WARN__DUPLICATE_METHOD_MATCH = YES;
				COPY_PHASE_STRIP = NO;
				DEBUG_INFORMATION_FORMAT = "dwarf-with-dsym";
				ENABLE_NS_ASSERTIONS = NO;
				ENABLE_STRICT_OBJC_MSGSEND = YES;
				GCC_C_LANGUAGE_STANDARD = gnu11;
				GCC_NO_COMMON_BLOCKS = YES;
				GCC_WARN_64_TO_32_BIT_CONVERSION = YES;
				GCC_WARN_ABOUT_RETURN_TYPE = YES_ERROR;
				GCC_WARN_UNDECLARED_SELECTOR = YES;
				GCC_WARN_UNINITIALIZED_AUTOS = YES_AGGRESSIVE;
				GCC_WARN_UNUSED_FUNCTION = YES;
				GCC_WARN_UNUSED_VARIABLE = YES;
				IPHONEOS_DEPLOYMENT_TARGET = 14.5;
				MTL_ENABLE_DEBUG_INFO = NO;
				MTL_FAST_MATH = YES;
				SDKROOT = iphoneos;
				SWIFT_COMPILATION_MODE = wholemodule;
				SWIFT_OPTIMIZATION_LEVEL = "-O";
				VALIDATE_PRODUCT = YES;
			};
			name = Release;
		};
		BB6B56292679249B00245F93 /* Debug */ = {
			isa = XCBuildConfiguration;
			buildSettings = {
				ASSETCATALOG_COMPILER_APPICON_NAME = AppIcon;
				ASSETCATALOG_COMPILER_GLOBAL_ACCENT_COLOR_NAME = AccentColor;
				CODE_SIGN_STYLE = Automatic;
				DEVELOPMENT_ASSET_PATHS = "\"Combine Form Validation Starter/Preview Content\"";
				DEVELOPMENT_TEAM = RKV4UP49S6;
				ENABLE_PREVIEWS = YES;
				INFOPLIST_FILE = "Combine Form Validation Starter/Info.plist";
				IPHONEOS_DEPLOYMENT_TARGET = 14.0;
				LD_RUNPATH_SEARCH_PATHS = (
					"$(inherited)",
					"@executable_path/Frameworks",
				);
				PRODUCT_BUNDLE_IDENTIFIER = "com.createchsol.Combine-Form-Validation-Starter";
				PRODUCT_NAME = "$(TARGET_NAME)";
				SWIFT_VERSION = 5.0;
				TARGETED_DEVICE_FAMILY = "1,2";
			};
			name = Debug;
		};
		BB6B562A2679249B00245F93 /* Release */ = {
			isa = XCBuildConfiguration;
			buildSettings = {
				ASSETCATALOG_COMPILER_APPICON_NAME = AppIcon;
				ASSETCATALOG_COMPILER_GLOBAL_ACCENT_COLOR_NAME = AccentColor;
				CODE_SIGN_STYLE = Automatic;
				DEVELOPMENT_ASSET_PATHS = "\"Combine Form Validation Starter/Preview Content\"";
				DEVELOPMENT_TEAM = RKV4UP49S6;
				ENABLE_PREVIEWS = YES;
				INFOPLIST_FILE = "Combine Form Validation Starter/Info.plist";
				IPHONEOS_DEPLOYMENT_TARGET = 14.0;
				LD_RUNPATH_SEARCH_PATHS = (
					"$(inherited)",
					"@executable_path/Frameworks",
				);
				PRODUCT_BUNDLE_IDENTIFIER = "com.createchsol.Combine-Form-Validation-Starter";
				PRODUCT_NAME = "$(TARGET_NAME)";
				SWIFT_VERSION = 5.0;
				TARGETED_DEVICE_FAMILY = "1,2";
			};
			name = Release;
		};
/* End XCBuildConfiguration section */

/* Begin XCConfigurationList section */
		BB6B56142679249A00245F93 /* Build configuration list for PBXProject "Combine Form Validation Starter" */ = {
			isa = XCConfigurationList;
			buildConfigurations = (
				BB6B56262679249B00245F93 /* Debug */,
				BB6B56272679249B00245F93 /* Release */,
			);
			defaultConfigurationIsVisible = 0;
			defaultConfigurationName = Release;
		};
		BB6B56282679249B00245F93 /* Build configuration list for PBXNativeTarget "Combine Form Validation Starter" */ = {
			isa = XCConfigurationList;
			buildConfigurations = (
				BB6B56292679249B00245F93 /* Debug */,
				BB6B562A2679249B00245F93 /* Release */,
			);
			defaultConfigurationIsVisible = 0;
			defaultConfigurationName = Release;
		};
/* End XCConfigurationList section */
	};
	rootObject = BB6B56112679249A00245F93 /* Project object */;
}
